Microsoft Visual Studio Solution File, Format Version 11.00
# Visual Studio 2008

Project("{E0D65AF4-6DCC-A2C9-7EFB-FD4D2639FCF3}") = "Syrtis0.2", "Assembly-CSharp-firstpass.csproj", "{630C3DE7-FECC-F0A8-780C-8E45C1278E14}"
EndProject
Project("{E0D65AF4-6DCC-A2C9-7EFB-FD4D2639FCF3}") = "Syrtis0.2", "Assembly-UnityScript-firstpass.unityproj", "{0E76CDFF-AFC6-6AED-2D8D-53E79745C4A5}"
EndProject
Project("{E0D65AF4-6DCC-A2C9-7EFB-FD4D2639FCF3}") = "Syrtis0.2", "Assembly-UnityScript.unityproj", "{D2C15F4B-017F-D1DD-F854-526AF864F57D}"
EndProject
Global
	GlobalSection(SolutionConfigurationPlatforms) = preSolution
		Debug|Any CPU = Debug|Any CPU
		Release|Any CPU = Release|Any CPU
	EndGlobalSection
	GlobalSection(ProjectConfigurationPlatforms) = postSolution
		{630C3DE7-FECC-F0A8-780C-8E45C1278E14}.Debug|Any CPU.ActiveCfg = Debug|Any CPU
		{630C3DE7-FECC-F0A8-780C-8E45C1278E14}.Debug|Any CPU.Build.0 = Debug|Any CPU
		{630C3DE7-FECC-F0A8-780C-8E45C1278E14}.Release|Any CPU.ActiveCfg = Release|Any CPU
		{630C3DE7-FECC-F0A8-780C-8E45C1278E14}.Release|Any CPU.Build.0 = Release|Any CPU
		{0E76CDFF-AFC6-6AED-2D8D-53E79745C4A5}.Debug|Any CPU.ActiveCfg = Debug|Any CPU
		{0E76CDFF-AFC6-6AED-2D8D-53E79745C4A5}.Debug|Any CPU.Build.0 = Debug|Any CPU
		{0E76CDFF-AFC6-6AED-2D8D-53E79745C4A5}.Release|Any CPU.ActiveCfg = Release|Any CPU
		{0E76CDFF-AFC6-6AED-2D8D-53E79745C4A5}.Release|Any CPU.Build.0 = Release|Any CPU
		{D2C15F4B-017F-D1DD-F854-526AF864F57D}.Debug|Any CPU.ActiveCfg = Debug|Any CPU
		{D2C15F4B-017F-D1DD-F854-526AF864F57D}.Debug|Any CPU.Build.0 = Debug|Any CPU
		{D2C15F4B-017F-D1DD-F854-526AF864F57D}.Release|Any CPU.ActiveCfg = Release|Any CPU
		{D2C15F4B-017F-D1DD-F854-526AF864F57D}.Release|Any CPU.Build.0 = Release|Any CPU
	EndGlobalSection
	GlobalSection(SolutionProperties) = preSolution
		HideSolutionNode = FALSE
	EndGlobalSection
																																																																																							GlobalSection(MonoDevelopProperties) = preSolution
		StartupItem = Assembly-CSharp.csproj
		Policies = $0
		$0.TextStylePolicy = $1
		$1.inheritsSet = null
		$1.scope = text/x-csharp
		$0.CSharpFormattingPolicy = $2
		$2.inheritsSet = Mono
		$2.inheritsScope = text/x-csharp
		$2.scope = text/x-csharp
		$0.TextStylePolicy = $3
		$3.FileWidth = 120
		$3.TabWidth = 4
		$3.EolMarker = Unix
		$3.inheritsSet = Mono
		$3.inheritsScope = text/plain
		$3.scope = text/plain
	EndGlobalSection

EndGlobal
